// !$*UTF8*$!
{
	archiveVersion = 1;
	classes = {
	};
	objectVersion = 50;
	objects = {

/* Begin PBXBuildFile section */
		907F6D332361632B0094C003 /* AppDelegate.swift in Sources */ = {isa = PBXBuildFile; fileRef = 907F6D322361632B0094C003 /* AppDelegate.swift */; };
		907F6D352361632B0094C003 /* SceneDelegate.swift in Sources */ = {isa = PBXBuildFile; fileRef = 907F6D342361632B0094C003 /* SceneDelegate.swift */; };
		907F6D372361632B0094C003 /* ContentView.swift in Sources */ = {isa = PBXBuildFile; fileRef = 907F6D362361632B0094C003 /* ContentView.swift */; };
		907F6D392361632C0094C003 /* Assets.xcassets in Resources */ = {isa = PBXBuildFile; fileRef = 907F6D382361632C0094C003 /* Assets.xcassets */; };
		907F6D3C2361632C0094C003 /* Preview Assets.xcassets in Resources */ = {isa = PBXBuildFile; fileRef = 907F6D3B2361632C0094C003 /* Preview Assets.xcassets */; };
		907F6D3F2361632C0094C003 /* LaunchScreen.storyboard in Resources */ = {isa = PBXBuildFile; fileRef = 907F6D3D2361632C0094C003 /* LaunchScreen.storyboard */; };
		907F6D47236163720094C003 /* Helper.swift in Sources */ = {isa = PBXBuildFile; fileRef = 907F6D46236163720094C003 /* Helper.swift */; };
		907F6D4A2361638C0094C003 /* Menu.swift in Sources */ = {isa = PBXBuildFile; fileRef = 907F6D482361638C0094C003 /* Menu.swift */; };
		907F6D4B2361638C0094C003 /* Order.swift in Sources */ = {isa = PBXBuildFile; fileRef = 907F6D492361638C0094C003 /* Order.swift */; };
		907F6D4D236163B00094C003 /* menu.json in Resources */ = {isa = PBXBuildFile; fileRef = 907F6D4C236163AF0094C003 /* menu.json */; };
		907F6D4F236166F80094C003 /* ItemRow.swift in Sources */ = {isa = PBXBuildFile; fileRef = 907F6D4E236166F80094C003 /* ItemRow.swift */; };
		90E8CD02243DA27600536CF8 /* ItemDetail.swift in Sources */ = {isa = PBXBuildFile; fileRef = 90E8CD01243DA27600536CF8 /* ItemDetail.swift */; };
		90E8CD04243DA8BF00536CF8 /* OrderView.swift in Sources */ = {isa = PBXBuildFile; fileRef = 90E8CD03243DA8BF00536CF8 /* OrderView.swift */; };
		90E8CD06243DAB1800536CF8 /* AppView.swift in Sources */ = {isa = PBXBuildFile; fileRef = 90E8CD05243DAB1800536CF8 /* AppView.swift */; };
		90E8CD08243EDF5E00536CF8 /* CheckoutView.swift in Sources */ = {isa = PBXBuildFile; fileRef = 90E8CD07243EDF5E00536CF8 /* CheckoutView.swift */; };
		90E8CD0A243EEFA900536CF8 /* FavoriteView.swift in Sources */ = {isa = PBXBuildFile; fileRef = 90E8CD09243EEFA900536CF8 /* FavoriteView.swift */; };
/* End PBXBuildFile section */

/* Begin PBXFileReference section */
		907F6D2F2361632B0094C003 /* iDine.app */ = {isa = PBXFileReference; explicitFileType = wrapper.application; includeInIndex = 0; path = iDine.app; sourceTree = BUILT_PRODUCTS_DIR; };
		907F6D322361632B0094C003 /* AppDelegate.swift */ = {isa = PBXFileReference; lastKnownFileType = sourcecode.swift; path = AppDelegate.swift; sourceTree = "<group>"; };
		907F6D342361632B0094C003 /* SceneDelegate.swift */ = {isa = PBXFileReference; lastKnownFileType = sourcecode.swift; path = SceneDelegate.swift; sourceTree = "<group>"; };
		907F6D362361632B0094C003 /* ContentView.swift */ = {isa = PBXFileReference; lastKnownFileType = sourcecode.swift; path = ContentView.swift; sourceTree = "<group>"; };
		907F6D382361632C0094C003 /* Assets.xcassets */ = {isa = PBXFileReference; lastKnownFileType = folder.assetcatalog; path = Assets.xcassets; sourceTree = "<group>"; };
		907F6D3B2361632C0094C003 /* Preview Assets.xcassets */ = {isa = PBXFileReference; lastKnownFileType = folder.assetcatalog; path = "Preview Assets.xcassets"; sourceTree = "<group>"; };
		907F6D3E2361632C0094C003 /* Base */ = {isa = PBXFileReference; lastKnownFileType = file.storyboard; name = Base; path = Base.lproj/LaunchScreen.storyboard; sourceTree = "<group>"; };
		907F6D402361632C0094C003 /* Info.plist */ = {isa = PBXFileReference; lastKnownFileType = text.plist.xml; path = Info.plist; sourceTree = "<group>"; };
		907F6D46236163720094C003 /* Helper.swift */ = {isa = PBXFileReference; fileEncoding = 4; lastKnownFileType = sourcecode.swift; path = Helper.swift; sourceTree = "<group>"; };
		907F6D482361638C0094C003 /* Menu.swift */ = {isa = PBXFileReference; fileEncoding = 4; lastKnownFileType = sourcecode.swift; path = Menu.swift; sourceTree = "<group>"; };
		907F6D492361638C0094C003 /* Order.swift */ = {isa = PBXFileReference; fileEncoding = 4; lastKnownFileType = sourcecode.swift; path = Order.swift; sourceTree = "<group>"; };
		907F6D4C236163AF0094C003 /* menu.json */ = {isa = PBXFileReference; fileEncoding = 4; lastKnownFileType = text.json; path = menu.json; sourceTree = "<group>"; };
		907F6D4E236166F80094C003 /* ItemRow.swift */ = {isa = PBXFileReference; lastKnownFileType = sourcecode.swift; path = ItemRow.swift; sourceTree = "<group>"; };
		90E8CD01243DA27600536CF8 /* ItemDetail.swift */ = {isa = PBXFileReference; lastKnownFileType = sourcecode.swift; path = ItemDetail.swift; sourceTree = "<group>"; };
		90E8CD03243DA8BF00536CF8 /* OrderView.swift */ = {isa = PBXFileReference; lastKnownFileType = sourcecode.swift; path = OrderView.swift; sourceTree = "<group>"; };
		90E8CD05243DAB1800536CF8 /* AppView.swift */ = {isa = PBXFileReference; lastKnownFileType = sourcecode.swift; path = AppView.swift; sourceTree = "<group>"; };
		90E8CD07243EDF5E00536CF8 /* CheckoutView.swift */ = {isa = PBXFileReference; lastKnownFileType = sourcecode.swift; path = CheckoutView.swift; sourceTree = "<group>"; };
		90E8CD09243EEFA900536CF8 /* FavoriteView.swift */ = {isa = PBXFileReference; lastKnownFileType = sourcecode.swift; path = FavoriteView.swift; sourceTree = "<group>"; };
/* End PBXFileReference section */

/* Begin PBXFrameworksBuildPhase section */
		907F6D2C2361632B0094C003 /* Frameworks */ = {
			isa = PBXFrameworksBuildPhase;
			buildActionMask = 2147483647;
			files = (
			);
			runOnlyForDeploymentPostprocessing = 0;
		};
/* End PBXFrameworksBuildPhase section */

/* Begin PBXGroup section */
		907F6D262361632B0094C003 = {
			isa = PBXGroup;
			children = (
				907F6D312361632B0094C003 /* iDine */,
				907F6D302361632B0094C003 /* Products */,
			);
			sourceTree = "<group>";
		};
		907F6D302361632B0094C003 /* Products */ = {
			isa = PBXGroup;
			children = (
				907F6D2F2361632B0094C003 /* iDine.app */,
			);
			name = Products;
			sourceTree = "<group>";
		};
		907F6D312361632B0094C003 /* iDine */ = {
			isa = PBXGroup;
			children = (
				907F6D322361632B0094C003 /* AppDelegate.swift */,
				907F6D342361632B0094C003 /* SceneDelegate.swift */,
				907F6D362361632B0094C003 /* ContentView.swift */,
				90E8CD07243EDF5E00536CF8 /* CheckoutView.swift */,
				907F6D4E236166F80094C003 /* ItemRow.swift */,
				90E8CD01243DA27600536CF8 /* ItemDetail.swift */,
				90E8CD03243DA8BF00536CF8 /* OrderView.swift */,
				90E8CD09243EEFA900536CF8 /* FavoriteView.swift */,
				90E8CD05243DAB1800536CF8 /* AppView.swift */,
				907F6D46236163720094C003 /* Helper.swift */,
				907F6D482361638C0094C003 /* Menu.swift */,
				907F6D492361638C0094C003 /* Order.swift */,
				907F6D4C236163AF0094C003 /* menu.json */,
				907F6D382361632C0094C003 /* Assets.xcassets */,
				907F6D3D2361632C0094C003 /* LaunchScreen.storyboard */,
				907F6D402361632C0094C003 /* Info.plist */,
				907F6D3A2361632C0094C003 /* Preview Content */,
			);
			path = iDine;
			sourceTree = "<group>";
		};
		907F6D3A2361632C0094C003 /* Preview Content */ = {
			isa = PBXGroup;
			children = (
				907F6D3B2361632C0094C003 /* Preview Assets.xcassets */,
			);
			path = "Preview Content";
			sourceTree = "<group>";
		};
/* End PBXGroup section */

/* Begin PBXNativeTarget section */
		907F6D2E2361632B0094C003 /* iDine */ = {
			isa = PBXNativeTarget;
			buildConfigurationList = 907F6D432361632C0094C003 /* Build configuration list for PBXNativeTarget "iDine" */;
			buildPhases = (
				907F6D2B2361632B0094C003 /* Sources */,
				907F6D2C2361632B0094C003 /* Frameworks */,
				907F6D2D2361632B0094C003 /* Resources */,
			);
			buildRules = (
			);
			dependencies = (
			);
			name = iDine;
			productName = iDine;
			productReference = 907F6D2F2361632B0094C003 /* iDine.app */;
			productType = "com.apple.product-type.application";
		};
/* End PBXNativeTarget section */

/* Begin PBXProject section */
		907F6D272361632B0094C003 /* Project object */ = {
			isa = PBXProject;
			attributes = {
				LastSwiftUpdateCheck = 1110;
				LastUpgradeCheck = 1110;
				ORGANIZATIONNAME = "Victor Cordero Utrilla";
				TargetAttributes = {
					907F6D2E2361632B0094C003 = {
						CreatedOnToolsVersion = 11.1;
					};
				};
			};
			buildConfigurationList = 907F6D2A2361632B0094C003 /* Build configuration list for PBXProject "iDine" */;
			compatibilityVersion = "Xcode 9.3";
			developmentRegion = en;
			hasScannedForEncodings = 0;
			knownRegions = (
				en,
				Base,
			);
			mainGroup = 907F6D262361632B0094C003;
			productRefGroup = 907F6D302361632B0094C003 /* Products */;
			projectDirPath = "";
			projectRoot = "";
			targets = (
				907F6D2E2361632B0094C003 /* iDine */,
			);
		};
/* End PBXProject section */

/* Begin PBXResourcesBuildPhase section */
		907F6D2D2361632B0094C003 /* Resources */ = {
			isa = PBXResourcesBuildPhase;
			buildActionMask = 2147483647;
			files = (
				907F6D3F2361632C0094C003 /* LaunchScreen.storyboard in Resources */,
				907F6D3C2361632C0094C003 /* Preview Assets.xcassets in Resources */,
				907F6D4D236163B00094C003 /* menu.json in Resources */,
				907F6D392361632C0094C003 /* Assets.xcassets in Resources */,
			);
			runOnlyForDeploymentPostprocessing = 0;
		};
/* End PBXResourcesBuildPhase section */

/* Begin PBXSourcesBuildPhase section */
		907F6D2B2361632B0094C003 /* Sources */ = {
			isa = PBXSourcesBuildPhase;
			buildActionMask = 2147483647;
			files = (
				90E8CD06243DAB1800536CF8 /* AppView.swift in Sources */,
				90E8CD08243EDF5E00536CF8 /* CheckoutView.swift in Sources */,
				907F6D4B2361638C0094C003 /* Order.swift in Sources */,
				907F6D332361632B0094C003 /* AppDelegate.swift in Sources */,
				90E8CD0A243EEFA900536CF8 /* FavoriteView.swift in Sources */,
				907F6D352361632B0094C003 /* SceneDelegate.swift in Sources */,
				907F6D4F236166F80094C003 /* ItemRow.swift in Sources */,
				907F6D372361632B0094C003 /* ContentView.swift in Sources */,
				90E8CD02243DA27600536CF8 /* ItemDetail.swift in Sources */,
				90E8CD04243DA8BF00536CF8 /* OrderView.swift in Sources */,
				907F6D47236163720094C003 /* Helper.swift in Sources */,
				907F6D4A2361638C0094C003 /* Menu.swift in Sources */,
			);
			runOnlyForDeploymentPostprocessing = 0;
		};
/* End PBXSourcesBuildPhase section */

/* Begin PBXVariantGroup section */
		907F6D3D2361632C0094C003 /* LaunchScreen.storyboard */ = {
			isa = PBXVariantGroup;
			children = (
				907F6D3E2361632C0094C003 /* Base */,
			);
			name = LaunchScreen.storyboard;
			sourceTree = "<group>";
		};
/* End PBXVariantGroup section */

/* Begin XCBuildConfiguration section */
		907F6D412361632C0094C003 /* Debug */ = {
			isa = XCBuildConfiguration;
			buildSettings = {
				ALWAYS_SEARCH_USER_PATHS = NO;
				CLANG_ANALYZER_NONNULL = YES;
				CLANG_ANALYZER_NUMBER_OBJECT_CONVERSION = YES_AGGRESSIVE;
				CLANG_CXX_LANGUAGE_STANDARD = "gnu++14";
				CLANG_CXX_LIBRARY = "libc++";
				CLANG_ENABLE_MODULES = YES;
				CLANG_ENABLE_OBJC_ARC = YES;
				CLANG_ENABLE_OBJC_WEAK = YES;
				CLANG_WARN_BLOCK_CAPTURE_AUTORELEASING = YES;
				CLANG_WARN_BOOL_CONVERSION = YES;
				CLANG_WARN_COMMA = YES;
				CLANG_WARN_CONSTANT_CONVERSION = YES;
				CLANG_WARN_DEPRECATED_OBJC_IMPLEMENTATIONS = YES;
				CLANG_WARN_DIRECT_OBJC_ISA_USAGE = YES_ERROR;
				CLANG_WARN_DOCUMENTATION_COMMENTS = YES;
				CLANG_WARN_EMPTY_BODY = YES;
				CLANG_WARN_ENUM_CONVERSION = YES;
				CLANG_WARN_INFINITE_RECURSION = YES;
				CLANG_WARN_INT_CONVERSION = YES;
				CLANG_WARN_NON_LITERAL_NULL_CONVERSION = YES;
				CLANG_WARN_OBJC_IMPLICIT_RETAIN_SELF = YES;
				CLANG_WARN_OBJC_LITERAL_CONVERSION = YES;
				CLANG_WARN_OBJC_ROOT_CLASS = YES_ERROR;
				CLANG_WARN_RANGE_LOOP_ANALYSIS = YES;
				CLANG_WARN_STRICT_PROTOTYPES = YES;
				CLANG_WARN_SUSPICIOUS_MOVE = YES;
				CLANG_WARN_UNGUARDED_AVAILABILITY = YES_AGGRESSIVE;
				CLANG_WARN_UNREACHABLE_CODE = YES;
				CLANG_WARN__DUPLICATE_METHOD_MATCH = YES;
				COPY_PHASE_STRIP = NO;
				DEBUG_INFORMATION_FORMAT = dwarf;
				ENABLE_STRICT_OBJC_MSGSEND = YES;
				ENABLE_TESTABILITY = YES;
				GCC_C_LANGUAGE_STANDARD = gnu11;
				GCC_DYNAMIC_NO_PIC = NO;
				GCC_NO_COMMON_BLOCKS = YES;
				GCC_OPTIMIZATION_LEVEL = 0;
				GCC_PREPROCESSOR_DEFINITIONS = (
					"DEBUG=1",
					"$(inherited)",
				);
				GCC_WARN_64_TO_32_BIT_CONVERSION = YES;
				GCC_WARN_ABOUT_RETURN_TYPE = YES_ERROR;
				GCC_WARN_UNDECLARED_SELECTOR = YES;
				GCC_WARN_UNINITIALIZED_AUTOS = YES_AGGRESSIVE;
				GCC_WARN_UNUSED_FUNCTION = YES;
				GCC_WARN_UNUSED_VARIABLE = YES;
				IPHONEOS_DEPLOYMENT_TARGET = 13.1;
				MTL_ENABLE_DEBUG_INFO = INCLUDE_SOURCE;
				MTL_FAST_MATH = YES;
				ONLY_ACTIVE_ARCH = YES;
				SDKROOT = iphoneos;
				SWIFT_ACTIVE_COMPILATION_CONDITIONS = DEBUG;
				SWIFT_OPTIMIZATION_LEVEL = "-Onone";
			};
			name = Debug;
		};
		907F6D422361632C0094C003 /* Release */ = {
			isa = XCBuildConfiguration;
			buildSettings = {
				ALWAYS_SEARCH_USER_PATHS = NO;
				CLANG_ANALYZER_NONNULL = YES;
				CLANG_ANALYZER_NUMBER_OBJECT_CONVERSION = YES_AGGRESSIVE;
				CLANG_CXX_LANGUAGE_STANDARD = "gnu++14";
				CLANG_CXX_LIBRARY = "libc++";
				CLANG_ENABLE_MODULES = YES;
				CLANG_ENABLE_OBJC_ARC = YES;
				CLANG_ENABLE_OBJC_WEAK = YES;
				CLANG_WARN_BLOCK_CAPTURE_AUTORELEASING = YES;
				CLANG_WARN_BOOL_CONVERSION = YES;
				CLANG_WARN_COMMA = YES;
				CLANG_WARN_CONSTANT_CONVERSION = YES;
				CLANG_WARN_DEPRECATED_OBJC_IMPLEMENTATIONS = YES;
				CLANG_WARN_DIRECT_OBJC_ISA_USAGE = YES_ERROR;
				CLANG_WARN_DOCUMENTATION_COMMENTS = YES;
				CLANG_WARN_EMPTY_BODY = YES;
				CLANG_WARN_ENUM_CONVERSION = YES;
				CLANG_WARN_INFINITE_RECURSION = YES;
				CLANG_WARN_INT_CONVERSION = YES;
				CLANG_WARN_NON_LITERAL_NULL_CONVERSION = YES;
				CLANG_WARN_OBJC_IMPLICIT_RETAIN_SELF = YES;
				CLANG_WARN_OBJC_LITERAL_CONVERSION = YES;
				CLANG_WARN_OBJC_ROOT_CLASS = YES_ERROR;
				CLANG_WARN_RANGE_LOOP_ANALYSIS = YES;
				CLANG_WARN_STRICT_PROTOTYPES = YES;
				CLANG_WARN_SUSPICIOUS_MOVE = YES;
				CLANG_WARN_UNGUARDED_AVAILABILITY = YES_AGGRESSIVE;
				CLANG_WARN_UNREACHABLE_CODE = YES;
				CLANG_WARN__DUPLICATE_METHOD_MATCH = YES;
				COPY_PHASE_STRIP = NO;
				DEBUG_INFORMATION_FORMAT = "dwarf-with-dsym";
				ENABLE_NS_ASSERTIONS = NO;
				ENABLE_STRICT_OBJC_MSGSEND = YES;
				GCC_C_LANGUAGE_STANDARD = gnu11;
				GCC_NO_COMMON_BLOCKS = YES;
				GCC_WARN_64_TO_32_BIT_CONVERSION = YES;
				GCC_WARN_ABOUT_RETURN_TYPE = YES_ERROR;
				GCC_WARN_UNDECLARED_SELECTOR = YES;
				GCC_WARN_UNINITIALIZED_AUTOS = YES_AGGRESSIVE;
				GCC_WARN_UNUSED_FUNCTION = YES;
				GCC_WARN_UNUSED_VARIABLE = YES;
				IPHONEOS_DEPLOYMENT_TARGET = 13.1;
				MTL_ENABLE_DEBUG_INFO = NO;
				MTL_FAST_MATH = YES;
				SDKROOT = iphoneos;
				SWIFT_COMPILATION_MODE = wholemodule;
				SWIFT_OPTIMIZATION_LEVEL = "-O";
				VALIDATE_PRODUCT = YES;
			};
			name = Release;
		};
		907F6D442361632C0094C003 /* Debug */ = {
			isa = XCBuildConfiguration;
			buildSettings = {
				ASSETCATALOG_COMPILER_APPICON_NAME = AppIcon;
				CODE_SIGN_STYLE = Automatic;
				DEVELOPMENT_ASSET_PATHS = "\"iDine/Preview Content\"";
				ENABLE_PREVIEWS = YES;
				INFOPLIST_FILE = iDine/Info.plist;
				LD_RUNPATH_SEARCH_PATHS = (
					"$(inherited)",
					"@executable_path/Frameworks",
				);
				PRODUCT_BUNDLE_IDENTIFIER = com.utrillavictor.iDine;
				PRODUCT_NAME = "$(TARGET_NAME)";
				SWIFT_VERSION = 5.0;
				TARGETED_DEVICE_FAMILY = "1,2";
			};
			name = Debug;
		};
		907F6D452361632C0094C003 /* Release */ = {
			isa = XCBuildConfiguration;
			buildSettings = {
				ASSETCATALOG_COMPILER_APPICON_NAME = AppIcon;
				CODE_SIGN_STYLE = Automatic;
				DEVELOPMENT_ASSET_PATHS = "\"iDine/Preview Content\"";
				ENABLE_PREVIEWS = YES;
				INFOPLIST_FILE = iDine/Info.plist;
				LD_RUNPATH_SEARCH_PATHS = (
					"$(inherited)",
					"@executable_path/Frameworks",
				);
				PRODUCT_BUNDLE_IDENTIFIER = com.utrillavictor.iDine;
				PRODUCT_NAME = "$(TARGET_NAME)";
				SWIFT_VERSION = 5.0;
				TARGETED_DEVICE_FAMILY = "1,2";
			};
			name = Release;
		};
/* End XCBuildConfiguration section */

/* Begin XCConfigurationList section */
		907F6D2A2361632B0094C003 /* Build configuration list for PBXProject "iDine" */ = {
			isa = XCConfigurationList;
			buildConfigurations = (
				907F6D412361632C0094C003 /* Debug */,
				907F6D422361632C0094C003 /* Release */,
			);
			defaultConfigurationIsVisible = 0;
			defaultConfigurationName = Release;
		};
		907F6D432361632C0094C003 /* Build configuration list for PBXNativeTarget "iDine" */ = {
			isa = XCConfigurationList;
			buildConfigurations = (
				907F6D442361632C0094C003 /* Debug */,
				907F6D452361632C0094C003 /* Release */,
			);
			defaultConfigurationIsVisible = 0;
			defaultConfigurationName = Release;
		};
/* End XCConfigurationList section */
	};
	rootObject = 907F6D272361632B0094C003 /* Project object */;
}
