// !$*UTF8*$!
{
	archiveVersion = 1;
	classes = {
	};
	objectVersion = 50;
	objects = {

/* Begin PBXBuildFile section */
		9046E4EA24365C4200CC6A2C /* AppDelegate.swift in Sources */ = {isa = PBXBuildFile; fileRef = 9046E4E924365C4200CC6A2C /* AppDelegate.swift */; };
		9046E4EC24365C4200CC6A2C /* SceneDelegate.swift in Sources */ = {isa = PBXBuildFile; fileRef = 9046E4EB24365C4200CC6A2C /* SceneDelegate.swift */; };
		9046E4EE24365C4200CC6A2C /* ContentView.swift in Sources */ = {isa = PBXBuildFile; fileRef = 9046E4ED24365C4200CC6A2C /* ContentView.swift */; };
		9046E4F024365C4400CC6A2C /* Assets.xcassets in Resources */ = {isa = PBXBuildFile; fileRef = 9046E4EF24365C4400CC6A2C /* Assets.xcassets */; };
		9046E4F324365C4400CC6A2C /* Preview Assets.xcassets in Resources */ = {isa = PBXBuildFile; fileRef = 9046E4F224365C4400CC6A2C /* Preview Assets.xcassets */; };
		9046E4F624365C4400CC6A2C /* LaunchScreen.storyboard in Resources */ = {isa = PBXBuildFile; fileRef = 9046E4F424365C4400CC6A2C /* LaunchScreen.storyboard */; };
		9046E4FE243665EF00CC6A2C /* ColorPickerView.swift in Sources */ = {isa = PBXBuildFile; fileRef = 9046E4FD243665EF00CC6A2C /* ColorPickerView.swift */; };
/* End PBXBuildFile section */

/* Begin PBXFileReference section */
		9046E4E624365C4200CC6A2C /* ColorPicker.app */ = {isa = PBXFileReference; explicitFileType = wrapper.application; includeInIndex = 0; path = ColorPicker.app; sourceTree = BUILT_PRODUCTS_DIR; };
		9046E4E924365C4200CC6A2C /* AppDelegate.swift */ = {isa = PBXFileReference; lastKnownFileType = sourcecode.swift; path = AppDelegate.swift; sourceTree = "<group>"; };
		9046E4EB24365C4200CC6A2C /* SceneDelegate.swift */ = {isa = PBXFileReference; lastKnownFileType = sourcecode.swift; path = SceneDelegate.swift; sourceTree = "<group>"; };
		9046E4ED24365C4200CC6A2C /* ContentView.swift */ = {isa = PBXFileReference; lastKnownFileType = sourcecode.swift; path = ContentView.swift; sourceTree = "<group>"; };
		9046E4EF24365C4400CC6A2C /* Assets.xcassets */ = {isa = PBXFileReference; lastKnownFileType = folder.assetcatalog; path = Assets.xcassets; sourceTree = "<group>"; };
		9046E4F224365C4400CC6A2C /* Preview Assets.xcassets */ = {isa = PBXFileReference; lastKnownFileType = folder.assetcatalog; path = "Preview Assets.xcassets"; sourceTree = "<group>"; };
		9046E4F524365C4400CC6A2C /* Base */ = {isa = PBXFileReference; lastKnownFileType = file.storyboard; name = Base; path = Base.lproj/LaunchScreen.storyboard; sourceTree = "<group>"; };
		9046E4F724365C4400CC6A2C /* Info.plist */ = {isa = PBXFileReference; lastKnownFileType = text.plist.xml; path = Info.plist; sourceTree = "<group>"; };
		9046E4FD243665EF00CC6A2C /* ColorPickerView.swift */ = {isa = PBXFileReference; lastKnownFileType = sourcecode.swift; path = ColorPickerView.swift; sourceTree = "<group>"; };
/* End PBXFileReference section */

/* Begin PBXFrameworksBuildPhase section */
		9046E4E324365C4200CC6A2C /* Frameworks */ = {
			isa = PBXFrameworksBuildPhase;
			buildActionMask = 2147483647;
			files = (
			);
			runOnlyForDeploymentPostprocessing = 0;
		};
/* End PBXFrameworksBuildPhase section */

/* Begin PBXGroup section */
		9046E4DD24365C4200CC6A2C = {
			isa = PBXGroup;
			children = (
				9046E4E824365C4200CC6A2C /* ColorPicker */,
				9046E4E724365C4200CC6A2C /* Products */,
			);
			sourceTree = "<group>";
		};
		9046E4E724365C4200CC6A2C /* Products */ = {
			isa = PBXGroup;
			children = (
				9046E4E624365C4200CC6A2C /* ColorPicker.app */,
			);
			name = Products;
			sourceTree = "<group>";
		};
		9046E4E824365C4200CC6A2C /* ColorPicker */ = {
			isa = PBXGroup;
			children = (
				9046E4E924365C4200CC6A2C /* AppDelegate.swift */,
				9046E4EB24365C4200CC6A2C /* SceneDelegate.swift */,
				9046E4ED24365C4200CC6A2C /* ContentView.swift */,
				9046E4FD243665EF00CC6A2C /* ColorPickerView.swift */,
				9046E4EF24365C4400CC6A2C /* Assets.xcassets */,
				9046E4F424365C4400CC6A2C /* LaunchScreen.storyboard */,
				9046E4F724365C4400CC6A2C /* Info.plist */,
				9046E4F124365C4400CC6A2C /* Preview Content */,
			);
			path = ColorPicker;
			sourceTree = "<group>";
		};
		9046E4F124365C4400CC6A2C /* Preview Content */ = {
			isa = PBXGroup;
			children = (
				9046E4F224365C4400CC6A2C /* Preview Assets.xcassets */,
			);
			path = "Preview Content";
			sourceTree = "<group>";
		};
/* End PBXGroup section */

/* Begin PBXNativeTarget section */
		9046E4E524365C4200CC6A2C /* ColorPicker */ = {
			isa = PBXNativeTarget;
			buildConfigurationList = 9046E4FA24365C4400CC6A2C /* Build configuration list for PBXNativeTarget "ColorPicker" */;
			buildPhases = (
				9046E4E224365C4200CC6A2C /* Sources */,
				9046E4E324365C4200CC6A2C /* Frameworks */,
				9046E4E424365C4200CC6A2C /* Resources */,
			);
			buildRules = (
			);
			dependencies = (
			);
			name = ColorPicker;
			productName = ColorPicker;
			productReference = 9046E4E624365C4200CC6A2C /* ColorPicker.app */;
			productType = "com.apple.product-type.application";
		};
/* End PBXNativeTarget section */

/* Begin PBXProject section */
		9046E4DE24365C4200CC6A2C /* Project object */ = {
			isa = PBXProject;
			attributes = {
				LastSwiftUpdateCheck = 1140;
				LastUpgradeCheck = 1140;
				ORGANIZATIONNAME = "Victor Cordero Utrilla";
				TargetAttributes = {
					9046E4E524365C4200CC6A2C = {
						CreatedOnToolsVersion = 11.4;
					};
				};
			};
			buildConfigurationList = 9046E4E124365C4200CC6A2C /* Build configuration list for PBXProject "ColorPicker" */;
			compatibilityVersion = "Xcode 9.3";
			developmentRegion = en;
			hasScannedForEncodings = 0;
			knownRegions = (
				en,
				Base,
			);
			mainGroup = 9046E4DD24365C4200CC6A2C;
			productRefGroup = 9046E4E724365C4200CC6A2C /* Products */;
			projectDirPath = "";
			projectRoot = "";
			targets = (
				9046E4E524365C4200CC6A2C /* ColorPicker */,
			);
		};
/* End PBXProject section */

/* Begin PBXResourcesBuildPhase section */
		9046E4E424365C4200CC6A2C /* Resources */ = {
			isa = PBXResourcesBuildPhase;
			buildActionMask = 2147483647;
			files = (
				9046E4F624365C4400CC6A2C /* LaunchScreen.storyboard in Resources */,
				9046E4F324365C4400CC6A2C /* Preview Assets.xcassets in Resources */,
				9046E4F024365C4400CC6A2C /* Assets.xcassets in Resources */,
			);
			runOnlyForDeploymentPostprocessing = 0;
		};
/* End PBXResourcesBuildPhase section */

/* Begin PBXSourcesBuildPhase section */
		9046E4E224365C4200CC6A2C /* Sources */ = {
			isa = PBXSourcesBuildPhase;
			buildActionMask = 2147483647;
			files = (
				9046E4FE243665EF00CC6A2C /* ColorPickerView.swift in Sources */,
				9046E4EA24365C4200CC6A2C /* AppDelegate.swift in Sources */,
				9046E4EC24365C4200CC6A2C /* SceneDelegate.swift in Sources */,
				9046E4EE24365C4200CC6A2C /* ContentView.swift in Sources */,
			);
			runOnlyForDeploymentPostprocessing = 0;
		};
/* End PBXSourcesBuildPhase section */

/* Begin PBXVariantGroup section */
		9046E4F424365C4400CC6A2C /* LaunchScreen.storyboard */ = {
			isa = PBXVariantGroup;
			children = (
				9046E4F524365C4400CC6A2C /* Base */,
			);
			name = LaunchScreen.storyboard;
			sourceTree = "<group>";
		};
/* End PBXVariantGroup section */

/* Begin XCBuildConfiguration section */
		9046E4F824365C4400CC6A2C /* Debug */ = {
			isa = XCBuildConfiguration;
			buildSettings = {
				ALWAYS_SEARCH_USER_PATHS = NO;
				CLANG_ANALYZER_NONNULL = YES;
				CLANG_ANALYZER_NUMBER_OBJECT_CONVERSION = YES_AGGRESSIVE;
				CLANG_CXX_LANGUAGE_STANDARD = "gnu++14";
				CLANG_CXX_LIBRARY = "libc++";
				CLANG_ENABLE_MODULES = YES;
				CLANG_ENABLE_OBJC_ARC = YES;
				CLANG_ENABLE_OBJC_WEAK = YES;
				CLANG_WARN_BLOCK_CAPTURE_AUTORELEASING = YES;
				CLANG_WARN_BOOL_CONVERSION = YES;
				CLANG_WARN_COMMA = YES;
				CLANG_WARN_CONSTANT_CONVERSION = YES;
				CLANG_WARN_DEPRECATED_OBJC_IMPLEMENTATIONS = YES;
				CLANG_WARN_DIRECT_OBJC_ISA_USAGE = YES_ERROR;
				CLANG_WARN_DOCUMENTATION_COMMENTS = YES;
				CLANG_WARN_EMPTY_BODY = YES;
				CLANG_WARN_ENUM_CONVERSION = YES;
				CLANG_WARN_INFINITE_RECURSION = YES;
				CLANG_WARN_INT_CONVERSION = YES;
				CLANG_WARN_NON_LITERAL_NULL_CONVERSION = YES;
				CLANG_WARN_OBJC_IMPLICIT_RETAIN_SELF = YES;
				CLANG_WARN_OBJC_LITERAL_CONVERSION = YES;
				CLANG_WARN_OBJC_ROOT_CLASS = YES_ERROR;
				CLANG_WARN_RANGE_LOOP_ANALYSIS = YES;
				CLANG_WARN_STRICT_PROTOTYPES = YES;
				CLANG_WARN_SUSPICIOUS_MOVE = YES;
				CLANG_WARN_UNGUARDED_AVAILABILITY = YES_AGGRESSIVE;
				CLANG_WARN_UNREACHABLE_CODE = YES;
				CLANG_WARN__DUPLICATE_METHOD_MATCH = YES;
				COPY_PHASE_STRIP = NO;
				DEBUG_INFORMATION_FORMAT = dwarf;
				ENABLE_STRICT_OBJC_MSGSEND = YES;
				ENABLE_TESTABILITY = YES;
				GCC_C_LANGUAGE_STANDARD = gnu11;
				GCC_DYNAMIC_NO_PIC = NO;
				GCC_NO_COMMON_BLOCKS = YES;
				GCC_OPTIMIZATION_LEVEL = 0;
				GCC_PREPROCESSOR_DEFINITIONS = (
					"DEBUG=1",
					"$(inherited)",
				);
				GCC_WARN_64_TO_32_BIT_CONVERSION = YES;
				GCC_WARN_ABOUT_RETURN_TYPE = YES_ERROR;
				GCC_WARN_UNDECLARED_SELECTOR = YES;
				GCC_WARN_UNINITIALIZED_AUTOS = YES_AGGRESSIVE;
				GCC_WARN_UNUSED_FUNCTION = YES;
				GCC_WARN_UNUSED_VARIABLE = YES;
				IPHONEOS_DEPLOYMENT_TARGET = 13.4;
				MTL_ENABLE_DEBUG_INFO = INCLUDE_SOURCE;
				MTL_FAST_MATH = YES;
				ONLY_ACTIVE_ARCH = YES;
				SDKROOT = iphoneos;
				SWIFT_ACTIVE_COMPILATION_CONDITIONS = DEBUG;
				SWIFT_OPTIMIZATION_LEVEL = "-Onone";
			};
			name = Debug;
		};
		9046E4F924365C4400CC6A2C /* Release */ = {
			isa = XCBuildConfiguration;
			buildSettings = {
				ALWAYS_SEARCH_USER_PATHS = NO;
				CLANG_ANALYZER_NONNULL = YES;
				CLANG_ANALYZER_NUMBER_OBJECT_CONVERSION = YES_AGGRESSIVE;
				CLANG_CXX_LANGUAGE_STANDARD = "gnu++14";
				CLANG_CXX_LIBRARY = "libc++";
				CLANG_ENABLE_MODULES = YES;
				CLANG_ENABLE_OBJC_ARC = YES;
				CLANG_ENABLE_OBJC_WEAK = YES;
				CLANG_WARN_BLOCK_CAPTURE_AUTORELEASING = YES;
				CLANG_WARN_BOOL_CONVERSION = YES;
				CLANG_WARN_COMMA = YES;
				CLANG_WARN_CONSTANT_CONVERSION = YES;
				CLANG_WARN_DEPRECATED_OBJC_IMPLEMENTATIONS = YES;
				CLANG_WARN_DIRECT_OBJC_ISA_USAGE = YES_ERROR;
				CLANG_WARN_DOCUMENTATION_COMMENTS = YES;
				CLANG_WARN_EMPTY_BODY = YES;
				CLANG_WARN_ENUM_CONVERSION = YES;
				CLANG_WARN_INFINITE_RECURSION = YES;
				CLANG_WARN_INT_CONVERSION = YES;
				CLANG_WARN_NON_LITERAL_NULL_CONVERSION = YES;
				CLANG_WARN_OBJC_IMPLICIT_RETAIN_SELF = YES;
				CLANG_WARN_OBJC_LITERAL_CONVERSION = YES;
				CLANG_WARN_OBJC_ROOT_CLASS = YES_ERROR;
				CLANG_WARN_RANGE_LOOP_ANALYSIS = YES;
				CLANG_WARN_STRICT_PROTOTYPES = YES;
				CLANG_WARN_SUSPICIOUS_MOVE = YES;
				CLANG_WARN_UNGUARDED_AVAILABILITY = YES_AGGRESSIVE;
				CLANG_WARN_UNREACHABLE_CODE = YES;
				CLANG_WARN__DUPLICATE_METHOD_MATCH = YES;
				COPY_PHASE_STRIP = NO;
				DEBUG_INFORMATION_FORMAT = "dwarf-with-dsym";
				ENABLE_NS_ASSERTIONS = NO;
				ENABLE_STRICT_OBJC_MSGSEND = YES;
				GCC_C_LANGUAGE_STANDARD = gnu11;
				GCC_NO_COMMON_BLOCKS = YES;
				GCC_WARN_64_TO_32_BIT_CONVERSION = YES;
				GCC_WARN_ABOUT_RETURN_TYPE = YES_ERROR;
				GCC_WARN_UNDECLARED_SELECTOR = YES;
				GCC_WARN_UNINITIALIZED_AUTOS = YES_AGGRESSIVE;
				GCC_WARN_UNUSED_FUNCTION = YES;
				GCC_WARN_UNUSED_VARIABLE = YES;
				IPHONEOS_DEPLOYMENT_TARGET = 13.4;
				MTL_ENABLE_DEBUG_INFO = NO;
				MTL_FAST_MATH = YES;
				SDKROOT = iphoneos;
				SWIFT_COMPILATION_MODE = wholemodule;
				SWIFT_OPTIMIZATION_LEVEL = "-O";
				VALIDATE_PRODUCT = YES;
			};
			name = Release;
		};
		9046E4FB24365C4400CC6A2C /* Debug */ = {
			isa = XCBuildConfiguration;
			buildSettings = {
				ASSETCATALOG_COMPILER_APPICON_NAME = AppIcon;
				CODE_SIGN_STYLE = Automatic;
				DEVELOPMENT_ASSET_PATHS = "\"ColorPicker/Preview Content\"";
				ENABLE_PREVIEWS = YES;
				INFOPLIST_FILE = ColorPicker/Info.plist;
				LD_RUNPATH_SEARCH_PATHS = (
					"$(inherited)",
					"@executable_path/Frameworks",
				);
				PRODUCT_BUNDLE_IDENTIFIER = com.utrillavictor.ColorPicker;
				PRODUCT_NAME = "$(TARGET_NAME)";
				SWIFT_VERSION = 5.0;
				TARGETED_DEVICE_FAMILY = "1,2";
			};
			name = Debug;
		};
		9046E4FC24365C4400CC6A2C /* Release */ = {
			isa = XCBuildConfiguration;
			buildSettings = {
				ASSETCATALOG_COMPILER_APPICON_NAME = AppIcon;
				CODE_SIGN_STYLE = Automatic;
				DEVELOPMENT_ASSET_PATHS = "\"ColorPicker/Preview Content\"";
				ENABLE_PREVIEWS = YES;
				INFOPLIST_FILE = ColorPicker/Info.plist;
				LD_RUNPATH_SEARCH_PATHS = (
					"$(inherited)",
					"@executable_path/Frameworks",
				);
				PRODUCT_BUNDLE_IDENTIFIER = com.utrillavictor.ColorPicker;
				PRODUCT_NAME = "$(TARGET_NAME)";
				SWIFT_VERSION = 5.0;
				TARGETED_DEVICE_FAMILY = "1,2";
			};
			name = Release;
		};
/* End XCBuildConfiguration section */

/* Begin XCConfigurationList section */
		9046E4E124365C4200CC6A2C /* Build configuration list for PBXProject "ColorPicker" */ = {
			isa = XCConfigurationList;
			buildConfigurations = (
				9046E4F824365C4400CC6A2C /* Debug */,
				9046E4F924365C4400CC6A2C /* Release */,
			);
			defaultConfigurationIsVisible = 0;
			defaultConfigurationName = Release;
		};
		9046E4FA24365C4400CC6A2C /* Build configuration list for PBXNativeTarget "ColorPicker" */ = {
			isa = XCConfigurationList;
			buildConfigurations = (
				9046E4FB24365C4400CC6A2C /* Debug */,
				9046E4FC24365C4400CC6A2C /* Release */,
			);
			defaultConfigurationIsVisible = 0;
			defaultConfigurationName = Release;
		};
/* End XCConfigurationList section */
	};
	rootObject = 9046E4DE24365C4200CC6A2C /* Project object */;
}
